// !$*UTF8*$!
{
	archiveVersion = 1;
	classes = {
	};
	objectVersion = 56;
	objects = {

/* Begin PBXBuildFile section */
		90A79AEA2BE3B96E00A1F271 /* WDH_NavigationApp.swift in Sources */ = {isa = PBXBuildFile; fileRef = 90A79AE92BE3B96E00A1F271 /* WDH_NavigationApp.swift */; };
		90A79AEC2BE3B96E00A1F271 /* ContentView.swift in Sources */ = {isa = PBXBuildFile; fileRef = 90A79AEB2BE3B96E00A1F271 /* ContentView.swift */; };
		90A79AEE2BE3B97300A1F271 /* Assets.xcassets in Resources */ = {isa = PBXBuildFile; fileRef = 90A79AED2BE3B97300A1F271 /* Assets.xcassets */; };
		90A79AF12BE3B97300A1F271 /* Preview Assets.xcassets in Resources */ = {isa = PBXBuildFile; fileRef = 90A79AF02BE3B97300A1F271 /* Preview Assets.xcassets */; };
		90A79B182BE8F82F00A1F271 /* TabBar.swift in Sources */ = {isa = PBXBuildFile; fileRef = 90A79B172BE8F82F00A1F271 /* TabBar.swift */; };
		90A79B1A2BE8FBD800A1F271 /* TabBarViewModel.swift in Sources */ = {isa = PBXBuildFile; fileRef = 90A79B192BE8FBD800A1F271 /* TabBarViewModel.swift */; };
		90A79B1E2BEA04B900A1F271 /* LogInView.swift in Sources */ = {isa = PBXBuildFile; fileRef = 90A79B1D2BEA04B900A1F271 /* LogInView.swift */; };
		90A79B202BEA04C500A1F271 /* NavigationViewModel.swift in Sources */ = {isa = PBXBuildFile; fileRef = 90A79B1F2BEA04C500A1F271 /* NavigationViewModel.swift */; };
		90A79B222BEA081100A1F271 /* HomeScreen.swift in Sources */ = {isa = PBXBuildFile; fileRef = 90A79B212BEA081100A1F271 /* HomeScreen.swift */; };
		90A79B242BEA0BCF00A1F271 /* DetailScreen.swift in Sources */ = {isa = PBXBuildFile; fileRef = 90A79B232BEA0BCF00A1F271 /* DetailScreen.swift */; };
		90A79B262BEA0E5700A1F271 /* SheetView.swift in Sources */ = {isa = PBXBuildFile; fileRef = 90A79B252BEA0E5700A1F271 /* SheetView.swift */; };
/* End PBXBuildFile section */

/* Begin PBXFileReference section */
		90A79AE62BE3B96E00A1F271 /* WDH-Navigation.app */ = {isa = PBXFileReference; explicitFileType = wrapper.application; includeInIndex = 0; path = "WDH-Navigation.app"; sourceTree = BUILT_PRODUCTS_DIR; };
		90A79AE92BE3B96E00A1F271 /* WDH_NavigationApp.swift */ = {isa = PBXFileReference; lastKnownFileType = sourcecode.swift; path = WDH_NavigationApp.swift; sourceTree = "<group>"; };
		90A79AEB2BE3B96E00A1F271 /* ContentView.swift */ = {isa = PBXFileReference; lastKnownFileType = sourcecode.swift; path = ContentView.swift; sourceTree = "<group>"; };
		90A79AED2BE3B97300A1F271 /* Assets.xcassets */ = {isa = PBXFileReference; lastKnownFileType = folder.assetcatalog; path = Assets.xcassets; sourceTree = "<group>"; };
		90A79AF02BE3B97300A1F271 /* Preview Assets.xcassets */ = {isa = PBXFileReference; lastKnownFileType = folder.assetcatalog; path = "Preview Assets.xcassets"; sourceTree = "<group>"; };
		90A79B172BE8F82F00A1F271 /* TabBar.swift */ = {isa = PBXFileReference; lastKnownFileType = sourcecode.swift; path = TabBar.swift; sourceTree = "<group>"; };
		90A79B192BE8FBD800A1F271 /* TabBarViewModel.swift */ = {isa = PBXFileReference; lastKnownFileType = sourcecode.swift; path = TabBarViewModel.swift; sourceTree = "<group>"; };
		90A79B1D2BEA04B900A1F271 /* LogInView.swift */ = {isa = PBXFileReference; lastKnownFileType = sourcecode.swift; path = LogInView.swift; sourceTree = "<group>"; };
		90A79B1F2BEA04C500A1F271 /* NavigationViewModel.swift */ = {isa = PBXFileReference; lastKnownFileType = sourcecode.swift; path = NavigationViewModel.swift; sourceTree = "<group>"; };
		90A79B212BEA081100A1F271 /* HomeScreen.swift */ = {isa = PBXFileReference; lastKnownFileType = sourcecode.swift; path = HomeScreen.swift; sourceTree = "<group>"; };
		90A79B232BEA0BCF00A1F271 /* DetailScreen.swift */ = {isa = PBXFileReference; lastKnownFileType = sourcecode.swift; path = DetailScreen.swift; sourceTree = "<group>"; };
		90A79B252BEA0E5700A1F271 /* SheetView.swift */ = {isa = PBXFileReference; lastKnownFileType = sourcecode.swift; path = SheetView.swift; sourceTree = "<group>"; };
/* End PBXFileReference section */

/* Begin PBXFrameworksBuildPhase section */
		90A79AE32BE3B96E00A1F271 /* Frameworks */ = {
			isa = PBXFrameworksBuildPhase;
			buildActionMask = 2147483647;
			files = (
			);
			runOnlyForDeploymentPostprocessing = 0;
		};
/* End PBXFrameworksBuildPhase section */

/* Begin PBXGroup section */
		90A79ADD2BE3B96E00A1F271 = {
			isa = PBXGroup;
			children = (
				90A79AE82BE3B96E00A1F271 /* WDH-Navigation */,
				90A79AE72BE3B96E00A1F271 /* Products */,
			);
			sourceTree = "<group>";
		};
		90A79AE72BE3B96E00A1F271 /* Products */ = {
			isa = PBXGroup;
			children = (
				90A79AE62BE3B96E00A1F271 /* WDH-Navigation.app */,
			);
			name = Products;
			sourceTree = "<group>";
		};
		90A79AE82BE3B96E00A1F271 /* WDH-Navigation */ = {
			isa = PBXGroup;
			children = (
				90A79B1C2BEA048900A1F271 /* Navigation */,
				90A79B1B2BEA043600A1F271 /* TabView */,
				90A79AE92BE3B96E00A1F271 /* WDH_NavigationApp.swift */,
				90A79AEB2BE3B96E00A1F271 /* ContentView.swift */,
				90A79AED2BE3B97300A1F271 /* Assets.xcassets */,
				90A79AEF2BE3B97300A1F271 /* Preview Content */,
			);
			path = "WDH-Navigation";
			sourceTree = "<group>";
		};
		90A79AEF2BE3B97300A1F271 /* Preview Content */ = {
			isa = PBXGroup;
			children = (
				90A79AF02BE3B97300A1F271 /* Preview Assets.xcassets */,
			);
			path = "Preview Content";
			sourceTree = "<group>";
		};
		90A79B1B2BEA043600A1F271 /* TabView */ = {
			isa = PBXGroup;
			children = (
				90A79B172BE8F82F00A1F271 /* TabBar.swift */,
				90A79B192BE8FBD800A1F271 /* TabBarViewModel.swift */,
			);
			path = TabView;
			sourceTree = "<group>";
		};
		90A79B1C2BEA048900A1F271 /* Navigation */ = {
			isa = PBXGroup;
			children = (
				90A79B1D2BEA04B900A1F271 /* LogInView.swift */,
				90A79B1F2BEA04C500A1F271 /* NavigationViewModel.swift */,
				90A79B212BEA081100A1F271 /* HomeScreen.swift */,
				90A79B232BEA0BCF00A1F271 /* DetailScreen.swift */,
				90A79B252BEA0E5700A1F271 /* SheetView.swift */,
			);
			path = Navigation;
			sourceTree = "<group>";
		};
/* End PBXGroup section */

/* Begin PBXNativeTarget section */
		90A79AE52BE3B96E00A1F271 /* WDH-Navigation */ = {
			isa = PBXNativeTarget;
			buildConfigurationList = 90A79AF42BE3B97300A1F271 /* Build configuration list for PBXNativeTarget "WDH-Navigation" */;
			buildPhases = (
				90A79AE22BE3B96E00A1F271 /* Sources */,
				90A79AE32BE3B96E00A1F271 /* Frameworks */,
				90A79AE42BE3B96E00A1F271 /* Resources */,
			);
			buildRules = (
			);
			dependencies = (
			);
			name = "WDH-Navigation";
			productName = "WDH-Navigation";
			productReference = 90A79AE62BE3B96E00A1F271 /* WDH-Navigation.app */;
			productType = "com.apple.product-type.application";
		};
/* End PBXNativeTarget section */

/* Begin PBXProject section */
		90A79ADE2BE3B96E00A1F271 /* Project object */ = {
			isa = PBXProject;
			attributes = {
				BuildIndependentTargetsInParallel = 1;
				LastSwiftUpdateCheck = 1530;
				LastUpgradeCheck = 1530;
				TargetAttributes = {
					90A79AE52BE3B96E00A1F271 = {
						CreatedOnToolsVersion = 15.3;
					};
				};
			};
			buildConfigurationList = 90A79AE12BE3B96E00A1F271 /* Build configuration list for PBXProject "WDH-Navigation" */;
			compatibilityVersion = "Xcode 14.0";
			developmentRegion = en;
			hasScannedForEncodings = 0;
			knownRegions = (
				en,
				Base,
			);
			mainGroup = 90A79ADD2BE3B96E00A1F271;
			productRefGroup = 90A79AE72BE3B96E00A1F271 /* Products */;
			projectDirPath = "";
			projectRoot = "";
			targets = (
				90A79AE52BE3B96E00A1F271 /* WDH-Navigation */,
			);
		};
/* End PBXProject section */

/* Begin PBXResourcesBuildPhase section */
		90A79AE42BE3B96E00A1F271 /* Resources */ = {
			isa = PBXResourcesBuildPhase;
			buildActionMask = 2147483647;
			files = (
				90A79AF12BE3B97300A1F271 /* Preview Assets.xcassets in Resources */,
				90A79AEE2BE3B97300A1F271 /* Assets.xcassets in Resources */,
			);
			runOnlyForDeploymentPostprocessing = 0;
		};
/* End PBXResourcesBuildPhase section */

/* Begin PBXSourcesBuildPhase section */
		90A79AE22BE3B96E00A1F271 /* Sources */ = {
			isa = PBXSourcesBuildPhase;
			buildActionMask = 2147483647;
			files = (
				90A79B242BEA0BCF00A1F271 /* DetailScreen.swift in Sources */,
				90A79B262BEA0E5700A1F271 /* SheetView.swift in Sources */,
				90A79B202BEA04C500A1F271 /* NavigationViewModel.swift in Sources */,
				90A79B1E2BEA04B900A1F271 /* LogInView.swift in Sources */,
				90A79B222BEA081100A1F271 /* HomeScreen.swift in Sources */,
				90A79B1A2BE8FBD800A1F271 /* TabBarViewModel.swift in Sources */,
				90A79B182BE8F82F00A1F271 /* TabBar.swift in Sources */,
				90A79AEC2BE3B96E00A1F271 /* ContentView.swift in Sources */,
				90A79AEA2BE3B96E00A1F271 /* WDH_NavigationApp.swift in Sources */,
			);
			runOnlyForDeploymentPostprocessing = 0;
		};
/* End PBXSourcesBuildPhase section */

/* Begin XCBuildConfiguration section */
		90A79AF22BE3B97300A1F271 /* Debug */ = {
			isa = XCBuildConfiguration;
			buildSettings = {
				ALWAYS_SEARCH_USER_PATHS = NO;
				ASSETCATALOG_COMPILER_GENERATE_SWIFT_ASSET_SYMBOL_EXTENSIONS = YES;
				CLANG_ANALYZER_NONNULL = YES;
				CLANG_ANALYZER_NUMBER_OBJECT_CONVERSION = YES_AGGRESSIVE;
				CLANG_CXX_LANGUAGE_STANDARD = "gnu++20";
				CLANG_ENABLE_MODULES = YES;
				CLANG_ENABLE_OBJC_ARC = YES;
				CLANG_ENABLE_OBJC_WEAK = YES;
				CLANG_WARN_BLOCK_CAPTURE_AUTORELEASING = YES;
				CLANG_WARN_BOOL_CONVERSION = YES;
				CLANG_WARN_COMMA = YES;
				CLANG_WARN_CONSTANT_CONVERSION = YES;
				CLANG_WARN_DEPRECATED_OBJC_IMPLEMENTATIONS = YES;
				CLANG_WARN_DIRECT_OBJC_ISA_USAGE = YES_ERROR;
				CLANG_WARN_DOCUMENTATION_COMMENTS = YES;
				CLANG_WARN_EMPTY_BODY = YES;
				CLANG_WARN_ENUM_CONVERSION = YES;
				CLANG_WARN_INFINITE_RECURSION = YES;
				CLANG_WARN_INT_CONVERSION = YES;
				CLANG_WARN_NON_LITERAL_NULL_CONVERSION = YES;
				CLANG_WARN_OBJC_IMPLICIT_RETAIN_SELF = YES;
				CLANG_WARN_OBJC_LITERAL_CONVERSION = YES;
				CLANG_WARN_OBJC_ROOT_CLASS = YES_ERROR;
				CLANG_WARN_QUOTED_INCLUDE_IN_FRAMEWORK_HEADER = YES;
				CLANG_WARN_RANGE_LOOP_ANALYSIS = YES;
				CLANG_WARN_STRICT_PROTOTYPES = YES;
				CLANG_WARN_SUSPICIOUS_MOVE = YES;
				CLANG_WARN_UNGUARDED_AVAILABILITY = YES_AGGRESSIVE;
				CLANG_WARN_UNREACHABLE_CODE = YES;
				CLANG_WARN__DUPLICATE_METHOD_MATCH = YES;
				COPY_PHASE_STRIP = NO;
				DEBUG_INFORMATION_FORMAT = dwarf;
				ENABLE_STRICT_OBJC_MSGSEND = YES;
				ENABLE_TESTABILITY = YES;
				ENABLE_USER_SCRIPT_SANDBOXING = YES;
				GCC_C_LANGUAGE_STANDARD = gnu17;
				GCC_DYNAMIC_NO_PIC = NO;
				GCC_NO_COMMON_BLOCKS = YES;
				GCC_OPTIMIZATION_LEVEL = 0;
				GCC_PREPROCESSOR_DEFINITIONS = (
					"DEBUG=1",
					"$(inherited)",
				);
				GCC_WARN_64_TO_32_BIT_CONVERSION = YES;
				GCC_WARN_ABOUT_RETURN_TYPE = YES_ERROR;
				GCC_WARN_UNDECLARED_SELECTOR = YES;
				GCC_WARN_UNINITIALIZED_AUTOS = YES_AGGRESSIVE;
				GCC_WARN_UNUSED_FUNCTION = YES;
				GCC_WARN_UNUSED_VARIABLE = YES;
				IPHONEOS_DEPLOYMENT_TARGET = 17.4;
				LOCALIZATION_PREFERS_STRING_CATALOGS = YES;
				MTL_ENABLE_DEBUG_INFO = INCLUDE_SOURCE;
				MTL_FAST_MATH = YES;
				ONLY_ACTIVE_ARCH = YES;
				SDKROOT = iphoneos;
				SWIFT_ACTIVE_COMPILATION_CONDITIONS = "DEBUG $(inherited)";
				SWIFT_OPTIMIZATION_LEVEL = "-Onone";
			};
			name = Debug;
		};
		90A79AF32BE3B97300A1F271 /* Release */ = {
			isa = XCBuildConfiguration;
			buildSettings = {
				ALWAYS_SEARCH_USER_PATHS = NO;
				ASSETCATALOG_COMPILER_GENERATE_SWIFT_ASSET_SYMBOL_EXTENSIONS = YES;
				CLANG_ANALYZER_NONNULL = YES;
				CLANG_ANALYZER_NUMBER_OBJECT_CONVERSION = YES_AGGRESSIVE;
				CLANG_CXX_LANGUAGE_STANDARD = "gnu++20";
				CLANG_ENABLE_MODULES = YES;
				CLANG_ENABLE_OBJC_ARC = YES;
				CLANG_ENABLE_OBJC_WEAK = YES;
				CLANG_WARN_BLOCK_CAPTURE_AUTORELEASING = YES;
				CLANG_WARN_BOOL_CONVERSION = YES;
				CLANG_WARN_COMMA = YES;
				CLANG_WARN_CONSTANT_CONVERSION = YES;
				CLANG_WARN_DEPRECATED_OBJC_IMPLEMENTATIONS = YES;
				CLANG_WARN_DIRECT_OBJC_ISA_USAGE = YES_ERROR;
				CLANG_WARN_DOCUMENTATION_COMMENTS = YES;
				CLANG_WARN_EMPTY_BODY = YES;
				CLANG_WARN_ENUM_CONVERSION = YES;
				CLANG_WARN_INFINITE_RECURSION = YES;
				CLANG_WARN_INT_CONVERSION = YES;
				CLANG_WARN_NON_LITERAL_NULL_CONVERSION = YES;
				CLANG_WARN_OBJC_IMPLICIT_RETAIN_SELF = YES;
				CLANG_WARN_OBJC_LITERAL_CONVERSION = YES;
				CLANG_WARN_OBJC_ROOT_CLASS = YES_ERROR;
				CLANG_WARN_QUOTED_INCLUDE_IN_FRAMEWORK_HEADER = YES;
				CLANG_WARN_RANGE_LOOP_ANALYSIS = YES;
				CLANG_WARN_STRICT_PROTOTYPES = YES;
				CLANG_WARN_SUSPICIOUS_MOVE = YES;
				CLANG_WARN_UNGUARDED_AVAILABILITY = YES_AGGRESSIVE;
				CLANG_WARN_UNREACHABLE_CODE = YES;
				CLANG_WARN__DUPLICATE_METHOD_MATCH = YES;
				COPY_PHASE_STRIP = NO;
				DEBUG_INFORMATION_FORMAT = "dwarf-with-dsym";
				ENABLE_NS_ASSERTIONS = NO;
				ENABLE_STRICT_OBJC_MSGSEND = YES;
				ENABLE_USER_SCRIPT_SANDBOXING = YES;
				GCC_C_LANGUAGE_STANDARD = gnu17;
				GCC_NO_COMMON_BLOCKS = YES;
				GCC_WARN_64_TO_32_BIT_CONVERSION = YES;
				GCC_WARN_ABOUT_RETURN_TYPE = YES_ERROR;
				GCC_WARN_UNDECLARED_SELECTOR = YES;
				GCC_WARN_UNINITIALIZED_AUTOS = YES_AGGRESSIVE;
				GCC_WARN_UNUSED_FUNCTION = YES;
				GCC_WARN_UNUSED_VARIABLE = YES;
				IPHONEOS_DEPLOYMENT_TARGET = 17.4;
				LOCALIZATION_PREFERS_STRING_CATALOGS = YES;
				MTL_ENABLE_DEBUG_INFO = NO;
				MTL_FAST_MATH = YES;
				SDKROOT = iphoneos;
				SWIFT_COMPILATION_MODE = wholemodule;
				VALIDATE_PRODUCT = YES;
			};
			name = Release;
		};
		90A79AF52BE3B97300A1F271 /* Debug */ = {
			isa = XCBuildConfiguration;
			buildSettings = {
				ASSETCATALOG_COMPILER_APPICON_NAME = AppIcon;
				ASSETCATALOG_COMPILER_GLOBAL_ACCENT_COLOR_NAME = AccentColor;
				CODE_SIGN_STYLE = Automatic;
				CURRENT_PROJECT_VERSION = 1;
				DEVELOPMENT_ASSET_PATHS = "\"WDH-Navigation/Preview Content\"";
				ENABLE_PREVIEWS = YES;
				GENERATE_INFOPLIST_FILE = YES;
				INFOPLIST_KEY_UIApplicationSceneManifest_Generation = YES;
				INFOPLIST_KEY_UIApplicationSupportsIndirectInputEvents = YES;
				INFOPLIST_KEY_UILaunchScreen_Generation = YES;
				INFOPLIST_KEY_UISupportedInterfaceOrientations_iPad = "UIInterfaceOrientationPortrait UIInterfaceOrientationPortraitUpsideDown UIInterfaceOrientationLandscapeLeft UIInterfaceOrientationLandscapeRight";
				INFOPLIST_KEY_UISupportedInterfaceOrientations_iPhone = "UIInterfaceOrientationPortrait UIInterfaceOrientationLandscapeLeft UIInterfaceOrientationLandscapeRight";
				LD_RUNPATH_SEARCH_PATHS = (
					"$(inherited)",
					"@executable_path/Frameworks",
				);
				MARKETING_VERSION = 1.0;
				PRODUCT_BUNDLE_IDENTIFIER = "wdh.WDH-Navigation";
				PRODUCT_NAME = "$(TARGET_NAME)";
				SWIFT_EMIT_LOC_STRINGS = YES;
				SWIFT_VERSION = 5.0;
				TARGETED_DEVICE_FAMILY = "1,2";
			};
			name = Debug;
		};
		90A79AF62BE3B97300A1F271 /* Release */ = {
			isa = XCBuildConfiguration;
			buildSettings = {
				ASSETCATALOG_COMPILER_APPICON_NAME = AppIcon;
				ASSETCATALOG_COMPILER_GLOBAL_ACCENT_COLOR_NAME = AccentColor;
				CODE_SIGN_STYLE = Automatic;
				CURRENT_PROJECT_VERSION = 1;
				DEVELOPMENT_ASSET_PATHS = "\"WDH-Navigation/Preview Content\"";
				ENABLE_PREVIEWS = YES;
				GENERATE_INFOPLIST_FILE = YES;
				INFOPLIST_KEY_UIApplicationSceneManifest_Generation = YES;
				INFOPLIST_KEY_UIApplicationSupportsIndirectInputEvents = YES;
				INFOPLIST_KEY_UILaunchScreen_Generation = YES;
				INFOPLIST_KEY_UISupportedInterfaceOrientations_iPad = "UIInterfaceOrientationPortrait UIInterfaceOrientationPortraitUpsideDown UIInterfaceOrientationLandscapeLeft UIInterfaceOrientationLandscapeRight";
				INFOPLIST_KEY_UISupportedInterfaceOrientations_iPhone = "UIInterfaceOrientationPortrait UIInterfaceOrientationLandscapeLeft UIInterfaceOrientationLandscapeRight";
				LD_RUNPATH_SEARCH_PATHS = (
					"$(inherited)",
					"@executable_path/Frameworks",
				);
				MARKETING_VERSION = 1.0;
				PRODUCT_BUNDLE_IDENTIFIER = "wdh.WDH-Navigation";
				PRODUCT_NAME = "$(TARGET_NAME)";
				SWIFT_EMIT_LOC_STRINGS = YES;
				SWIFT_VERSION = 5.0;
				TARGETED_DEVICE_FAMILY = "1,2";
			};
			name = Release;
		};
/* End XCBuildConfiguration section */

/* Begin XCConfigurationList section */
		90A79AE12BE3B96E00A1F271 /* Build configuration list for PBXProject "WDH-Navigation" */ = {
			isa = XCConfigurationList;
			buildConfigurations = (
				90A79AF22BE3B97300A1F271 /* Debug */,
				90A79AF32BE3B97300A1F271 /* Release */,
			);
			defaultConfigurationIsVisible = 0;
			defaultConfigurationName = Release;
		};
		90A79AF42BE3B97300A1F271 /* Build configuration list for PBXNativeTarget "WDH-Navigation" */ = {
			isa = XCConfigurationList;
			buildConfigurations = (
				90A79AF52BE3B97300A1F271 /* Debug */,
				90A79AF62BE3B97300A1F271 /* Release */,
			);
			defaultConfigurationIsVisible = 0;
			defaultConfigurationName = Release;
		};
/* End XCConfigurationList section */
	};
	rootObject = 90A79ADE2BE3B96E00A1F271 /* Project object */;
}
